
Microsoft Visual Studio Solution File, Format Version 12.00
# Visual Studio Version 16
VisualStudioVersion = 16.0.32228.343
MinimumVisualStudioVersion = 10.0.40219.1
Project("{FAE04EC0-301F-11D3-BF4B-00C04F79EFBC}") = "NewTask1", "NewTask1\NewTask1.csproj", "{C5C5C5FA-F0B6-4EEC-A9D8-242E00053CA5}"
EndProject
Global
	GlobalSection(SolutionConfigurationPlatforms) = preSolution
		Debug|Any CPU = Debug|Any CPU
		Release|Any CPU = Release|Any CPU
	EndGlobalSection
	GlobalSection(ProjectConfigurationPlatforms) = postSolution
		{C5C5C5FA-F0B6-4EEC-A9D8-242E00053CA5}.Debug|Any CPU.ActiveCfg = Debug|Any CPU
		{C5C5C5FA-F0B6-4EEC-A9D8-242E00053CA5}.Debug|Any CPU.Build.0 = Debug|Any CPU
		{C5C5C5FA-F0B6-4EEC-A9D8-242E00053CA5}.Release|Any CPU.ActiveCfg = Release|Any CPU
		{C5C5C5FA-F0B6-4EEC-A9D8-242E00053CA5}.Release|Any CPU.Build.0 = Release|Any CPU
	EndGlobalSection
	GlobalSection(SolutionProperties) = preSolution
		HideSolutionNode = FALSE
	EndGlobalSection
	GlobalSection(ExtensibilityGlobals) = postSolution
		SolutionGuid = {123C15C3-4809-4500-9B0E-1ACB106900C9}
	EndGlobalSection
EndGlobal
